
Microsoft Visual Studio Solution File, Format Version 12.00
# Visual Studio 15
VisualStudioVersion = 15.0.28010.2036
MinimumVisualStudioVersion = 10.0.40219.1
Project("{FAE04EC0-301F-11D3-BF4B-00C04F79EFBC}") = "Craft", "Craft\Craft.csproj", "{B4C6F5AE-0BB0-4FBC-9DB9-5604592C5D71}"
EndProject
Global
	GlobalSection(SolutionConfigurationPlatforms) = preSolution
		Debug|Any CPU = Debug|Any CPU
		Release|Any CPU = Release|Any CPU
	EndGlobalSection
	GlobalSection(ProjectConfigurationPlatforms) = postSolution
		{B4C6F5AE-0BB0-4FBC-9DB9-5604592C5D71}.Debug|Any CPU.ActiveCfg = Debug|Any CPU
		{B4C6F5AE-0BB0-4FBC-9DB9-5604592C5D71}.Debug|Any CPU.Build.0 = Debug|Any CPU
		{B4C6F5AE-0BB0-4FBC-9DB9-5604592C5D71}.Release|Any CPU.ActiveCfg = Release|Any CPU
		{B4C6F5AE-0BB0-4FBC-9DB9-5604592C5D71}.Release|Any CPU.Build.0 = Release|Any CPU
	EndGlobalSection
	GlobalSection(SolutionProperties) = preSolution
		HideSolutionNode = FALSE
	EndGlobalSection
	GlobalSection(ExtensibilityGlobals) = postSolution
		SolutionGuid = {C476CA15-4314-4510-A4A8-ED62C4B1117A}
	EndGlobalSection
EndGlobal
